
Microsoft Visual Studio Solution File, Format Version 12.00
# Visual Studio Version 17
VisualStudioVersion = 17.1.32210.238
MinimumVisualStudioVersion = 10.0.40219.1
Project("{FAE04EC0-301F-11D3-BF4B-00C04F79EFBC}") = "Collections_ConsoleApp", "Collections_ConsoleApp\Collections_ConsoleApp.csproj", "{F9F73718-BF63-4816-B809-63A1BC007650}"
EndProject
Global
	GlobalSection(SolutionConfigurationPlatforms) = preSolution
		Debug|Any CPU = Debug|Any CPU
		Release|Any CPU = Release|Any CPU
	EndGlobalSection
	GlobalSection(ProjectConfigurationPlatforms) = postSolution
		{F9F73718-BF63-4816-B809-63A1BC007650}.Debug|Any CPU.ActiveCfg = Debug|Any CPU
		{F9F73718-BF63-4816-B809-63A1BC007650}.Debug|Any CPU.Build.0 = Debug|Any CPU
		{F9F73718-BF63-4816-B809-63A1BC007650}.Release|Any CPU.ActiveCfg = Release|Any CPU
		{F9F73718-BF63-4816-B809-63A1BC007650}.Release|Any CPU.Build.0 = Release|Any CPU
	EndGlobalSection
	GlobalSection(SolutionProperties) = preSolution
		HideSolutionNode = FALSE
	EndGlobalSection
	GlobalSection(ExtensibilityGlobals) = postSolution
		SolutionGuid = {9B52EE1E-12A3-4E51-A214-2197E2F07EC4}
	EndGlobalSection
EndGlobal
